
Microsoft Visual Studio Solution File, Format Version 12.00
# Visual Studio 14
VisualStudioVersion = 14.0.25123.0
MinimumVisualStudioVersion = 10.0.40219.1
Project("{F47D7C43-A258-40C1-A3AB-AE300B6E43F7}") = "Sitecore.Support.179824", "Sitecore.Support.179824\Sitecore.Support.179824.csproj", "{D1CDC2C4-23D8-4933-9E76-52F02E9E04F8}"
EndProject
Global
	GlobalSection(SolutionConfigurationPlatforms) = preSolution
		Debug|Any CPU = Debug|Any CPU
		Release|Any CPU = Release|Any CPU
	EndGlobalSection
	GlobalSection(ProjectConfigurationPlatforms) = postSolution
		{D1CDC2C4-23D8-4933-9E76-52F02E9E04F8}.Debug|Any CPU.ActiveCfg = Debug|Any CPU
		{D1CDC2C4-23D8-4933-9E76-52F02E9E04F8}.Debug|Any CPU.Build.0 = Debug|Any CPU
		{D1CDC2C4-23D8-4933-9E76-52F02E9E04F8}.Release|Any CPU.ActiveCfg = Release|Any CPU
		{D1CDC2C4-23D8-4933-9E76-52F02E9E04F8}.Release|Any CPU.Build.0 = Release|Any CPU
	EndGlobalSection
	GlobalSection(SolutionProperties) = preSolution
		HideSolutionNode = FALSE
	EndGlobalSection
EndGlobal
